
Microsoft Visual Studio Solution File, Format Version 12.00
# Visual Studio 15
VisualStudioVersion = 15.0.27130.2027
MinimumVisualStudioVersion = 10.0.40219.1
Project("{FAE04EC0-301F-11D3-BF4B-00C04F79EFBC}") = "Vipikayko.Web", "authresearch\Vipikayko.Web.csproj", "{B569CCBB-CE35-4B36-AD52-E77820D55C53}"
EndProject
Project("{FAE04EC0-301F-11D3-BF4B-00C04F79EFBC}") = "Vipikayko.DomainModel", "Vipikayko.DomainModel\Vipikayko.DomainModel.csproj", "{82503F34-B4D2-4978-8696-3A59695D046F}"
EndProject
Project("{FAE04EC0-301F-11D3-BF4B-00C04F79EFBC}") = "Vipikayko.DAL", "Vipikayko.DAL\Vipikayko.DAL.csproj", "{CFCBE14E-B3AB-4358-AF0E-B7D10873D71A}"
EndProject
Project("{FAE04EC0-301F-11D3-BF4B-00C04F79EFBC}") = "Vipikayko.Enums", "Vipikayko.Enums\Vipikayko.Enums.csproj", "{4A15C307-DDEC-446E-B508-A9CCC698CA27}"
EndProject
Global
	GlobalSection(SolutionConfigurationPlatforms) = preSolution
		Debug|Any CPU = Debug|Any CPU
		Release|Any CPU = Release|Any CPU
	EndGlobalSection
	GlobalSection(ProjectConfigurationPlatforms) = postSolution
		{B569CCBB-CE35-4B36-AD52-E77820D55C53}.Debug|Any CPU.ActiveCfg = Debug|Any CPU
		{B569CCBB-CE35-4B36-AD52-E77820D55C53}.Debug|Any CPU.Build.0 = Debug|Any CPU
		{B569CCBB-CE35-4B36-AD52-E77820D55C53}.Release|Any CPU.ActiveCfg = Release|Any CPU
		{B569CCBB-CE35-4B36-AD52-E77820D55C53}.Release|Any CPU.Build.0 = Release|Any CPU
		{82503F34-B4D2-4978-8696-3A59695D046F}.Debug|Any CPU.ActiveCfg = Debug|Any CPU
		{82503F34-B4D2-4978-8696-3A59695D046F}.Debug|Any CPU.Build.0 = Debug|Any CPU
		{82503F34-B4D2-4978-8696-3A59695D046F}.Release|Any CPU.ActiveCfg = Release|Any CPU
		{82503F34-B4D2-4978-8696-3A59695D046F}.Release|Any CPU.Build.0 = Release|Any CPU
		{CFCBE14E-B3AB-4358-AF0E-B7D10873D71A}.Debug|Any CPU.ActiveCfg = Debug|Any CPU
		{CFCBE14E-B3AB-4358-AF0E-B7D10873D71A}.Debug|Any CPU.Build.0 = Debug|Any CPU
		{CFCBE14E-B3AB-4358-AF0E-B7D10873D71A}.Release|Any CPU.ActiveCfg = Release|Any CPU
		{CFCBE14E-B3AB-4358-AF0E-B7D10873D71A}.Release|Any CPU.Build.0 = Release|Any CPU
		{4A15C307-DDEC-446E-B508-A9CCC698CA27}.Debug|Any CPU.ActiveCfg = Debug|Any CPU
		{4A15C307-DDEC-446E-B508-A9CCC698CA27}.Debug|Any CPU.Build.0 = Debug|Any CPU
		{4A15C307-DDEC-446E-B508-A9CCC698CA27}.Release|Any CPU.ActiveCfg = Release|Any CPU
		{4A15C307-DDEC-446E-B508-A9CCC698CA27}.Release|Any CPU.Build.0 = Release|Any CPU
	EndGlobalSection
	GlobalSection(SolutionProperties) = preSolution
		HideSolutionNode = FALSE
	EndGlobalSection
	GlobalSection(ExtensibilityGlobals) = postSolution
		SolutionGuid = {07D74F0A-4223-45D7-BB6D-592BAFAC4A1D}
	EndGlobalSection
EndGlobal
